
Microsoft Visual Studio Solution File, Format Version 12.00
# Visual Studio Version 17
VisualStudioVersion = 17.4.33205.214
MinimumVisualStudioVersion = 10.0.40219.1
Project("{FAE04EC0-301F-11D3-BF4B-00C04F79EFBC}") = "Ejercicios.Ejercicio11", "Ejercicios.Ejercicio11\Ejercicios.Ejercicio11.csproj", "{422D8F03-480B-4C77-AB35-D38A4C19C674}"
EndProject
Global
	GlobalSection(SolutionConfigurationPlatforms) = preSolution
		Debug|Any CPU = Debug|Any CPU
		Release|Any CPU = Release|Any CPU
	EndGlobalSection
	GlobalSection(ProjectConfigurationPlatforms) = postSolution
		{422D8F03-480B-4C77-AB35-D38A4C19C674}.Debug|Any CPU.ActiveCfg = Debug|Any CPU
		{422D8F03-480B-4C77-AB35-D38A4C19C674}.Debug|Any CPU.Build.0 = Debug|Any CPU
		{422D8F03-480B-4C77-AB35-D38A4C19C674}.Release|Any CPU.ActiveCfg = Release|Any CPU
		{422D8F03-480B-4C77-AB35-D38A4C19C674}.Release|Any CPU.Build.0 = Release|Any CPU
	EndGlobalSection
	GlobalSection(SolutionProperties) = preSolution
		HideSolutionNode = FALSE
	EndGlobalSection
	GlobalSection(ExtensibilityGlobals) = postSolution
		SolutionGuid = {B80FA534-1748-449E-BE3F-7B95916314C5}
	EndGlobalSection
EndGlobal
